
Microsoft Visual Studio Solution File, Format Version 12.00
# Visual Studio Version 17
VisualStudioVersion = 17.9.34728.123
MinimumVisualStudioVersion = 10.0.40219.1
Project("{9A19103F-16F7-4668-BE54-9A1E7A4F7556}") = "WebApiHealthWave", "WebApiHealthWave.csproj", "{1199403D-AC88-4E02-859A-D5CF41A9B023}"
EndProject
Project("{9A19103F-16F7-4668-BE54-9A1E7A4F7556}") = "HospitalCore_core", "..\..\HealthWave Clone\HealthWave\healthwave_core\healthwave_core\HospitalCore_core\HospitalCore_core.csproj", "{44C15311-93B8-4A9E-AF68-93588A8B4C84}"
EndProject
Global
	GlobalSection(SolutionConfigurationPlatforms) = preSolution
		Debug|Any CPU = Debug|Any CPU
		Release|Any CPU = Release|Any CPU
	EndGlobalSection
	GlobalSection(ProjectConfigurationPlatforms) = postSolution
		{1199403D-AC88-4E02-859A-D5CF41A9B023}.Debug|Any CPU.ActiveCfg = Debug|Any CPU
		{1199403D-AC88-4E02-859A-D5CF41A9B023}.Debug|Any CPU.Build.0 = Debug|Any CPU
		{1199403D-AC88-4E02-859A-D5CF41A9B023}.Release|Any CPU.ActiveCfg = Release|Any CPU
		{1199403D-AC88-4E02-859A-D5CF41A9B023}.Release|Any CPU.Build.0 = Release|Any CPU
		{44C15311-93B8-4A9E-AF68-93588A8B4C84}.Debug|Any CPU.ActiveCfg = Debug|Any CPU
		{44C15311-93B8-4A9E-AF68-93588A8B4C84}.Debug|Any CPU.Build.0 = Debug|Any CPU
		{44C15311-93B8-4A9E-AF68-93588A8B4C84}.Release|Any CPU.ActiveCfg = Release|Any CPU
		{44C15311-93B8-4A9E-AF68-93588A8B4C84}.Release|Any CPU.Build.0 = Release|Any CPU
	EndGlobalSection
	GlobalSection(SolutionProperties) = preSolution
		HideSolutionNode = FALSE
	EndGlobalSection
	GlobalSection(ExtensibilityGlobals) = postSolution
		SolutionGuid = {215F1D9E-6743-4FF0-AFDE-80A9CB41A398}
	EndGlobalSection
EndGlobal
