
Microsoft Visual Studio Solution File, Format Version 12.00
Project("{FAE04EC0-301F-11D3-BF4B-00C04F79EFBC}") = "HospitalCore_core", "HospitalCore_core\HospitalCore_core.csproj", "{D7A22B9B-0696-454E-B409-0AA314448E4A}"
EndProject
Project("{FAE04EC0-301F-11D3-BF4B-00C04F79EFBC}") = "HospitalCore_shared", "HospitalCore_shared\HospitalCore_shared.csproj", "{16D04889-6E12-43F1-9052-B9D25FD0F3B2}"
EndProject
Global
	GlobalSection(SolutionConfigurationPlatforms) = preSolution
		Debug|Any CPU = Debug|Any CPU
		Release|Any CPU = Release|Any CPU
	EndGlobalSection
	GlobalSection(ProjectConfigurationPlatforms) = postSolution
		{D7A22B9B-0696-454E-B409-0AA314448E4A}.Debug|Any CPU.ActiveCfg = Debug|Any CPU
		{D7A22B9B-0696-454E-B409-0AA314448E4A}.Debug|Any CPU.Build.0 = Debug|Any CPU
		{D7A22B9B-0696-454E-B409-0AA314448E4A}.Release|Any CPU.ActiveCfg = Release|Any CPU
		{D7A22B9B-0696-454E-B409-0AA314448E4A}.Release|Any CPU.Build.0 = Release|Any CPU
		{16D04889-6E12-43F1-9052-B9D25FD0F3B2}.Debug|Any CPU.ActiveCfg = Debug|Any CPU
		{16D04889-6E12-43F1-9052-B9D25FD0F3B2}.Debug|Any CPU.Build.0 = Debug|Any CPU
		{16D04889-6E12-43F1-9052-B9D25FD0F3B2}.Release|Any CPU.ActiveCfg = Release|Any CPU
		{16D04889-6E12-43F1-9052-B9D25FD0F3B2}.Release|Any CPU.Build.0 = Release|Any CPU
	EndGlobalSection
EndGlobal
